// !$*UTF8*$!
{
	archiveVersion = 1;
	classes = {
	};
	objectVersion = 46;
	objects = {

/* Begin PBXBuildFile section */
		E96355B01B326D21005E3976 /* AD9850_120x120.png in Resources */ = {isa = PBXBuildFile; fileRef = E96355AA1B326D21005E3976 /* AD9850_120x120.png */; };
		E96355B11B326D21005E3976 /* AD9850_180x180.png in Resources */ = {isa = PBXBuildFile; fileRef = E96355AB1B326D21005E3976 /* AD9850_180x180.png */; };
		E96355B21B326D21005E3976 /* AD9850_58x58.png in Resources */ = {isa = PBXBuildFile; fileRef = E96355AC1B326D21005E3976 /* AD9850_58x58.png */; };
		E96355B31B326D21005E3976 /* AD9850_80x80.png in Resources */ = {isa = PBXBuildFile; fileRef = E96355AD1B326D21005E3976 /* AD9850_80x80.png */; };
		E96355B41B326D21005E3976 /* AD9850_87x87.png in Resources */ = {isa = PBXBuildFile; fileRef = E96355AE1B326D21005E3976 /* AD9850_87x87.png */; };
		E96355B61B3270C0005E3976 /* AD9850.png in Resources */ = {isa = PBXBuildFile; fileRef = E96355B51B3270C0005E3976 /* AD9850.png */; };
		E96355B81B3270C8005E3976 /* mbed_HRM1017.png in Resources */ = {isa = PBXBuildFile; fileRef = E96355B71B3270C8005E3976 /* mbed_HRM1017.png */; };
		E9F674E41B31D0DE005CFD87 /* main.m in Sources */ = {isa = PBXBuildFile; fileRef = E9F674E31B31D0DE005CFD87 /* main.m */; };
		E9F674E71B31D0DE005CFD87 /* AppDelegate.m in Sources */ = {isa = PBXBuildFile; fileRef = E9F674E61B31D0DE005CFD87 /* AppDelegate.m */; };
		E9F674EA1B31D0DE005CFD87 /* ViewController.m in Sources */ = {isa = PBXBuildFile; fileRef = E9F674E91B31D0DE005CFD87 /* ViewController.m */; };
		E9F674ED1B31D0DE005CFD87 /* Main.storyboard in Resources */ = {isa = PBXBuildFile; fileRef = E9F674EB1B31D0DE005CFD87 /* Main.storyboard */; };
		E9F674EF1B31D0DE005CFD87 /* Images.xcassets in Resources */ = {isa = PBXBuildFile; fileRef = E9F674EE1B31D0DE005CFD87 /* Images.xcassets */; };
		E9F674F21B31D0DE005CFD87 /* LaunchScreen.xib in Resources */ = {isa = PBXBuildFile; fileRef = E9F674F01B31D0DE005CFD87 /* LaunchScreen.xib */; };
		E9F674FE1B31D0DF005CFD87 /* AD9850BLETests.m in Sources */ = {isa = PBXBuildFile; fileRef = E9F674FD1B31D0DF005CFD87 /* AD9850BLETests.m */; };
		E9F6750F1B31D150005CFD87 /* BLEAdvertising.m in Sources */ = {isa = PBXBuildFile; fileRef = E9F675091B31D150005CFD87 /* BLEAdvertising.m */; };
		E9F675101B31D150005CFD87 /* BLEPeripheralAccess.m in Sources */ = {isa = PBXBuildFile; fileRef = E9F6750B1B31D150005CFD87 /* BLEPeripheralAccess.m */; };
		E9F675151B31D19F005CFD87 /* AD9850Control.m in Sources */ = {isa = PBXBuildFile; fileRef = E9F675141B31D19F005CFD87 /* AD9850Control.m */; };
		E9F6752C1B31E82E005CFD87 /* 007_00-sync_off.png in Resources */ = {isa = PBXBuildFile; fileRef = E9F675171B31E82E005CFD87 /* 007_00-sync_off.png */; };
		E9F6752D1B31E82E005CFD87 /* 007_00-sync_on.png in Resources */ = {isa = PBXBuildFile; fileRef = E9F675181B31E82E005CFD87 /* 007_00-sync_on.png */; };
		E9F6752E1B31E82E005CFD87 /* 007_00-sync_rotate1.png in Resources */ = {isa = PBXBuildFile; fileRef = E9F675191B31E82E005CFD87 /* 007_00-sync_rotate1.png */; };
		E9F6752F1B31E82E005CFD87 /* 008_00-wave_off.png in Resources */ = {isa = PBXBuildFile; fileRef = E9F6751A1B31E82E005CFD87 /* 008_00-wave_off.png */; };
		E9F675301B31E82E005CFD87 /* 008_00-wave_on.png in Resources */ = {isa = PBXBuildFile; fileRef = E9F6751B1B31E82E005CFD87 /* 008_00-wave_on.png */; };
		E9F675311B31E82E005CFD87 /* 009_00-link.png in Resources */ = {isa = PBXBuildFile; fileRef = E9F6751C1B31E82E005CFD87 /* 009_00-link.png */; };
		E9F675321B31E82E005CFD87 /* 009_01-link.png in Resources */ = {isa = PBXBuildFile; fileRef = E9F6751D1B31E82E005CFD87 /* 009_01-link.png */; };
		E9F675331B31E82E005CFD87 /* arrow_down.png in Resources */ = {isa = PBXBuildFile; fileRef = E9F6751E1B31E82E005CFD87 /* arrow_down.png */; };
		E9F675341B31E82E005CFD87 /* arrow_up.png in Resources */ = {isa = PBXBuildFile; fileRef = E9F6751F1B31E82E005CFD87 /* arrow_up.png */; };
		E9F675351B31E82E005CFD87 /* icon_return.png in Resources */ = {isa = PBXBuildFile; fileRef = E9F675201B31E82E005CFD87 /* icon_return.png */; };
		E9F675361B31E82E005CFD87 /* images.png in Resources */ = {isa = PBXBuildFile; fileRef = E9F675211B31E82E005CFD87 /* images.png */; };
		E9F675371B31E82E005CFD87 /* mbed-logo.png in Resources */ = {isa = PBXBuildFile; fileRef = E9F675221B31E82E005CFD87 /* mbed-logo.png */; };
		E9F675381B31E82E005CFD87 /* ohneta.net.png in Resources */ = {isa = PBXBuildFile; fileRef = E9F675231B31E82E005CFD87 /* ohneta.net.png */; };
		E9F675391B31E82E005CFD87 /* save.png in Resources */ = {isa = PBXBuildFile; fileRef = E9F675241B31E82E005CFD87 /* save.png */; };
		E9F6753A1B31E82E005CFD87 /* sync_freq.png in Resources */ = {isa = PBXBuildFile; fileRef = E9F675251B31E82E005CFD87 /* sync_freq.png */; };
		E9F6753B1B31E82E005CFD87 /* wave_fre.png in Resources */ = {isa = PBXBuildFile; fileRef = E9F675271B31E82E005CFD87 /* wave_fre.png */; };
		E9F6753C1B31E82E005CFD87 /* wave_saw.png in Resources */ = {isa = PBXBuildFile; fileRef = E9F675281B31E82E005CFD87 /* wave_saw.png */; };
		E9F6753D1B31E82E005CFD87 /* wave_sin.png in Resources */ = {isa = PBXBuildFile; fileRef = E9F675291B31E82E005CFD87 /* wave_sin.png */; };
		E9F6753E1B31E82E005CFD87 /* wave_squ.png in Resources */ = {isa = PBXBuildFile; fileRef = E9F6752A1B31E82E005CFD87 /* wave_squ.png */; };
		E9F6753F1B31E82E005CFD87 /* wave_tri.png in Resources */ = {isa = PBXBuildFile; fileRef = E9F6752B1B31E82E005CFD87 /* wave_tri.png */; };
		E9F6754C1B31F136005CFD87 /* FrequencyScreenView.m in Sources */ = {isa = PBXBuildFile; fileRef = E9F675491B31F136005CFD87 /* FrequencyScreenView.m */; };
/* End PBXBuildFile section */

/* Begin PBXContainerItemProxy section */
		E9F674F81B31D0DF005CFD87 /* PBXContainerItemProxy */ = {
			isa = PBXContainerItemProxy;
			containerPortal = E9F674D61B31D0DE005CFD87 /* Project object */;
			proxyType = 1;
			remoteGlobalIDString = E9F674DD1B31D0DE005CFD87;
			remoteInfo = AD9850BLE;
		};
/* End PBXContainerItemProxy section */

/* Begin PBXFileReference section */
		E96355AA1B326D21005E3976 /* AD9850_120x120.png */ = {isa = PBXFileReference; lastKnownFileType = image.png; path = AD9850_120x120.png; sourceTree = "<group>"; };
		E96355AB1B326D21005E3976 /* AD9850_180x180.png */ = {isa = PBXFileReference; lastKnownFileType = image.png; path = AD9850_180x180.png; sourceTree = "<group>"; };
		E96355AC1B326D21005E3976 /* AD9850_58x58.png */ = {isa = PBXFileReference; lastKnownFileType = image.png; path = AD9850_58x58.png; sourceTree = "<group>"; };
		E96355AD1B326D21005E3976 /* AD9850_80x80.png */ = {isa = PBXFileReference; lastKnownFileType = image.png; path = AD9850_80x80.png; sourceTree = "<group>"; };
		E96355AE1B326D21005E3976 /* AD9850_87x87.png */ = {isa = PBXFileReference; lastKnownFileType = image.png; path = AD9850_87x87.png; sourceTree = "<group>"; };
		E96355B51B3270C0005E3976 /* AD9850.png */ = {isa = PBXFileReference; lastKnownFileType = image.png; path = AD9850.png; sourceTree = "<group>"; };
		E96355B71B3270C8005E3976 /* mbed_HRM1017.png */ = {isa = PBXFileReference; lastKnownFileType = image.png; path = mbed_HRM1017.png; sourceTree = "<group>"; };
		E9F674DE1B31D0DE005CFD87 /* AD9850BLE.app */ = {isa = PBXFileReference; explicitFileType = wrapper.application; includeInIndex = 0; path = AD9850BLE.app; sourceTree = BUILT_PRODUCTS_DIR; };
		E9F674E21B31D0DE005CFD87 /* Info.plist */ = {isa = PBXFileReference; lastKnownFileType = text.plist.xml; path = Info.plist; sourceTree = "<group>"; };
		E9F674E31B31D0DE005CFD87 /* main.m */ = {isa = PBXFileReference; lastKnownFileType = sourcecode.c.objc; path = main.m; sourceTree = "<group>"; };
		E9F674E51B31D0DE005CFD87 /* AppDelegate.h */ = {isa = PBXFileReference; lastKnownFileType = sourcecode.c.h; path = AppDelegate.h; sourceTree = "<group>"; };
		E9F674E61B31D0DE005CFD87 /* AppDelegate.m */ = {isa = PBXFileReference; lastKnownFileType = sourcecode.c.objc; path = AppDelegate.m; sourceTree = "<group>"; };
		E9F674E81B31D0DE005CFD87 /* ViewController.h */ = {isa = PBXFileReference; lastKnownFileType = sourcecode.c.h; path = ViewController.h; sourceTree = "<group>"; };
		E9F674E91B31D0DE005CFD87 /* ViewController.m */ = {isa = PBXFileReference; lastKnownFileType = sourcecode.c.objc; path = ViewController.m; sourceTree = "<group>"; };
		E9F674EC1B31D0DE005CFD87 /* Base */ = {isa = PBXFileReference; lastKnownFileType = file.storyboard; name = Base; path = Base.lproj/Main.storyboard; sourceTree = "<group>"; };
		E9F674EE1B31D0DE005CFD87 /* Images.xcassets */ = {isa = PBXFileReference; lastKnownFileType = folder.assetcatalog; path = Images.xcassets; sourceTree = "<group>"; };
		E9F674F11B31D0DE005CFD87 /* Base */ = {isa = PBXFileReference; lastKnownFileType = file.xib; name = Base; path = Base.lproj/LaunchScreen.xib; sourceTree = "<group>"; };
		E9F674F71B31D0DF005CFD87 /* AD9850BLETests.xctest */ = {isa = PBXFileReference; explicitFileType = wrapper.cfbundle; includeInIndex = 0; path = AD9850BLETests.xctest; sourceTree = BUILT_PRODUCTS_DIR; };
		E9F674FC1B31D0DF005CFD87 /* Info.plist */ = {isa = PBXFileReference; lastKnownFileType = text.plist.xml; path = Info.plist; sourceTree = "<group>"; };
		E9F674FD1B31D0DF005CFD87 /* AD9850BLETests.m */ = {isa = PBXFileReference; lastKnownFileType = sourcecode.c.objc; path = AD9850BLETests.m; sourceTree = "<group>"; };
		E9F675081B31D150005CFD87 /* BLEAdvertising.h */ = {isa = PBXFileReference; fileEncoding = 4; lastKnownFileType = sourcecode.c.h; path = BLEAdvertising.h; sourceTree = "<group>"; };
		E9F675091B31D150005CFD87 /* BLEAdvertising.m */ = {isa = PBXFileReference; fileEncoding = 4; lastKnownFileType = sourcecode.c.objc; path = BLEAdvertising.m; sourceTree = "<group>"; };
		E9F6750A1B31D150005CFD87 /* BLEPeripheralAccess.h */ = {isa = PBXFileReference; fileEncoding = 4; lastKnownFileType = sourcecode.c.h; path = BLEPeripheralAccess.h; sourceTree = "<group>"; };
		E9F6750B1B31D150005CFD87 /* BLEPeripheralAccess.m */ = {isa = PBXFileReference; fileEncoding = 4; lastKnownFileType = sourcecode.c.objc; path = BLEPeripheralAccess.m; sourceTree = "<group>"; };
		E9F675131B31D19F005CFD87 /* AD9850Control.h */ = {isa = PBXFileReference; fileEncoding = 4; lastKnownFileType = sourcecode.c.h; path = AD9850Control.h; sourceTree = "<group>"; };
		E9F675141B31D19F005CFD87 /* AD9850Control.m */ = {isa = PBXFileReference; fileEncoding = 4; lastKnownFileType = sourcecode.c.objc; path = AD9850Control.m; sourceTree = "<group>"; };
		E9F675171B31E82E005CFD87 /* 007_00-sync_off.png */ = {isa = PBXFileReference; lastKnownFileType = image.png; path = "007_00-sync_off.png"; sourceTree = "<group>"; };
		E9F675181B31E82E005CFD87 /* 007_00-sync_on.png */ = {isa = PBXFileReference; lastKnownFileType = image.png; path = "007_00-sync_on.png"; sourceTree = "<group>"; };
		E9F675191B31E82E005CFD87 /* 007_00-sync_rotate1.png */ = {isa = PBXFileReference; lastKnownFileType = image.png; path = "007_00-sync_rotate1.png"; sourceTree = "<group>"; };
		E9F6751A1B31E82E005CFD87 /* 008_00-wave_off.png */ = {isa = PBXFileReference; lastKnownFileType = image.png; path = "008_00-wave_off.png"; sourceTree = "<group>"; };
		E9F6751B1B31E82E005CFD87 /* 008_00-wave_on.png */ = {isa = PBXFileReference; lastKnownFileType = image.png; path = "008_00-wave_on.png"; sourceTree = "<group>"; };
		E9F6751C1B31E82E005CFD87 /* 009_00-link.png */ = {isa = PBXFileReference; lastKnownFileType = image.png; path = "009_00-link.png"; sourceTree = "<group>"; };
		E9F6751D1B31E82E005CFD87 /* 009_01-link.png */ = {isa = PBXFileReference; lastKnownFileType = image.png; path = "009_01-link.png"; sourceTree = "<group>"; };
		E9F6751E1B31E82E005CFD87 /* arrow_down.png */ = {isa = PBXFileReference; lastKnownFileType = image.png; path = arrow_down.png; sourceTree = "<group>"; };
		E9F6751F1B31E82E005CFD87 /* arrow_up.png */ = {isa = PBXFileReference; lastKnownFileType = image.png; path = arrow_up.png; sourceTree = "<group>"; };
		E9F675201B31E82E005CFD87 /* icon_return.png */ = {isa = PBXFileReference; lastKnownFileType = image.png; path = icon_return.png; sourceTree = "<group>"; };
		E9F675211B31E82E005CFD87 /* images.png */ = {isa = PBXFileReference; lastKnownFileType = image.png; path = images.png; sourceTree = "<group>"; };
		E9F675221B31E82E005CFD87 /* mbed-logo.png */ = {isa = PBXFileReference; lastKnownFileType = image.png; path = "mbed-logo.png"; sourceTree = "<group>"; };
		E9F675231B31E82E005CFD87 /* ohneta.net.png */ = {isa = PBXFileReference; lastKnownFileType = image.png; path = ohneta.net.png; sourceTree = "<group>"; };
		E9F675241B31E82E005CFD87 /* save.png */ = {isa = PBXFileReference; lastKnownFileType = image.png; path = save.png; sourceTree = "<group>"; };
		E9F675251B31E82E005CFD87 /* sync_freq.png */ = {isa = PBXFileReference; lastKnownFileType = image.png; path = sync_freq.png; sourceTree = "<group>"; };
		E9F675271B31E82E005CFD87 /* wave_fre.png */ = {isa = PBXFileReference; lastKnownFileType = image.png; path = wave_fre.png; sourceTree = "<group>"; };
		E9F675281B31E82E005CFD87 /* wave_saw.png */ = {isa = PBXFileReference; lastKnownFileType = image.png; path = wave_saw.png; sourceTree = "<group>"; };
		E9F675291B31E82E005CFD87 /* wave_sin.png */ = {isa = PBXFileReference; lastKnownFileType = image.png; path = wave_sin.png; sourceTree = "<group>"; };
		E9F6752A1B31E82E005CFD87 /* wave_squ.png */ = {isa = PBXFileReference; lastKnownFileType = image.png; path = wave_squ.png; sourceTree = "<group>"; };
		E9F6752B1B31E82E005CFD87 /* wave_tri.png */ = {isa = PBXFileReference; lastKnownFileType = image.png; path = wave_tri.png; sourceTree = "<group>"; };
		E9F675481B31F136005CFD87 /* FrequencyScreenView.h */ = {isa = PBXFileReference; fileEncoding = 4; lastKnownFileType = sourcecode.c.h; path = FrequencyScreenView.h; sourceTree = "<group>"; };
		E9F675491B31F136005CFD87 /* FrequencyScreenView.m */ = {isa = PBXFileReference; fileEncoding = 4; lastKnownFileType = sourcecode.c.objc; path = FrequencyScreenView.m; sourceTree = "<group>"; };
		E9F6754E1B32161D005CFD87 /* BLEInfoDef.h */ = {isa = PBXFileReference; lastKnownFileType = sourcecode.c.h; path = BLEInfoDef.h; sourceTree = "<group>"; };
/* End PBXFileReference section */

/* Begin PBXFrameworksBuildPhase section */
		E9F674DB1B31D0DE005CFD87 /* Frameworks */ = {
			isa = PBXFrameworksBuildPhase;
			buildActionMask = 2147483647;
			files = (
			);
			runOnlyForDeploymentPostprocessing = 0;
		};
		E9F674F41B31D0DF005CFD87 /* Frameworks */ = {
			isa = PBXFrameworksBuildPhase;
			buildActionMask = 2147483647;
			files = (
			);
			runOnlyForDeploymentPostprocessing = 0;
		};
/* End PBXFrameworksBuildPhase section */

/* Begin PBXGroup section */
		E96355A81B326D21005E3976 /* _icons */ = {
			isa = PBXGroup;
			children = (
				E96355AA1B326D21005E3976 /* AD9850_120x120.png */,
				E96355AB1B326D21005E3976 /* AD9850_180x180.png */,
				E96355AC1B326D21005E3976 /* AD9850_58x58.png */,
				E96355AD1B326D21005E3976 /* AD9850_80x80.png */,
				E96355AE1B326D21005E3976 /* AD9850_87x87.png */,
			);
			path = _icons;
			sourceTree = "<group>";
		};
		E9F674D51B31D0DE005CFD87 = {
			isa = PBXGroup;
			children = (
				E9F674E01B31D0DE005CFD87 /* AD9850BLE */,
				E9F674FA1B31D0DF005CFD87 /* AD9850BLETests */,
				E9F674DF1B31D0DE005CFD87 /* Products */,
			);
			sourceTree = "<group>";
		};
		E9F674DF1B31D0DE005CFD87 /* Products */ = {
			isa = PBXGroup;
			children = (
				E9F674DE1B31D0DE005CFD87 /* AD9850BLE.app */,
				E9F674F71B31D0DF005CFD87 /* AD9850BLETests.xctest */,
			);
			name = Products;
			sourceTree = "<group>";
		};
		E9F674E01B31D0DE005CFD87 /* AD9850BLE */ = {
			isa = PBXGroup;
			children = (
				E9F674E51B31D0DE005CFD87 /* AppDelegate.h */,
				E9F674E61B31D0DE005CFD87 /* AppDelegate.m */,
				E9F674E81B31D0DE005CFD87 /* ViewController.h */,
				E9F674E91B31D0DE005CFD87 /* ViewController.m */,
				E9F675471B31F136005CFD87 /* FrequencyScreenView */,
				E9F675121B31D19F005CFD87 /* AD9850Control */,
				E9F675071B31D150005CFD87 /* BLE */,
				E9F675161B31E82E005CFD87 /* materials */,
				E9F674EB1B31D0DE005CFD87 /* Main.storyboard */,
				E9F674EE1B31D0DE005CFD87 /* Images.xcassets */,
				E96355A81B326D21005E3976 /* _icons */,
				E9F674F01B31D0DE005CFD87 /* LaunchScreen.xib */,
				E9F674E11B31D0DE005CFD87 /* Supporting Files */,
			);
			path = AD9850BLE;
			sourceTree = "<group>";
		};
		E9F674E11B31D0DE005CFD87 /* Supporting Files */ = {
			isa = PBXGroup;
			children = (
				E9F674E21B31D0DE005CFD87 /* Info.plist */,
				E9F674E31B31D0DE005CFD87 /* main.m */,
			);
			name = "Supporting Files";
			sourceTree = "<group>";
		};
		E9F674FA1B31D0DF005CFD87 /* AD9850BLETests */ = {
			isa = PBXGroup;
			children = (
				E9F674FD1B31D0DF005CFD87 /* AD9850BLETests.m */,
				E9F674FB1B31D0DF005CFD87 /* Supporting Files */,
			);
			path = AD9850BLETests;
			sourceTree = "<group>";
		};
		E9F674FB1B31D0DF005CFD87 /* Supporting Files */ = {
			isa = PBXGroup;
			children = (
				E9F674FC1B31D0DF005CFD87 /* Info.plist */,
			);
			name = "Supporting Files";
			sourceTree = "<group>";
		};
		E9F675071B31D150005CFD87 /* BLE */ = {
			isa = PBXGroup;
			children = (
				E9F6754E1B32161D005CFD87 /* BLEInfoDef.h */,
				E9F675081B31D150005CFD87 /* BLEAdvertising.h */,
				E9F675091B31D150005CFD87 /* BLEAdvertising.m */,
				E9F6750A1B31D150005CFD87 /* BLEPeripheralAccess.h */,
				E9F6750B1B31D150005CFD87 /* BLEPeripheralAccess.m */,
			);
			path = BLE;
			sourceTree = "<group>";
		};
		E9F675121B31D19F005CFD87 /* AD9850Control */ = {
			isa = PBXGroup;
			children = (
				E9F675131B31D19F005CFD87 /* AD9850Control.h */,
				E9F675141B31D19F005CFD87 /* AD9850Control.m */,
			);
			path = AD9850Control;
			sourceTree = "<group>";
		};
		E9F675161B31E82E005CFD87 /* materials */ = {
			isa = PBXGroup;
			children = (
				E9F675171B31E82E005CFD87 /* 007_00-sync_off.png */,
				E9F675181B31E82E005CFD87 /* 007_00-sync_on.png */,
				E9F675191B31E82E005CFD87 /* 007_00-sync_rotate1.png */,
				E9F6751A1B31E82E005CFD87 /* 008_00-wave_off.png */,
				E9F6751B1B31E82E005CFD87 /* 008_00-wave_on.png */,
				E9F6751C1B31E82E005CFD87 /* 009_00-link.png */,
				E9F6751D1B31E82E005CFD87 /* 009_01-link.png */,
				E9F6751E1B31E82E005CFD87 /* arrow_down.png */,
				E9F6751F1B31E82E005CFD87 /* arrow_up.png */,
				E9F675201B31E82E005CFD87 /* icon_return.png */,
				E9F675211B31E82E005CFD87 /* images.png */,
				E9F675221B31E82E005CFD87 /* mbed-logo.png */,
				E9F675231B31E82E005CFD87 /* ohneta.net.png */,
				E9F675241B31E82E005CFD87 /* save.png */,
				E9F675251B31E82E005CFD87 /* sync_freq.png */,
				E96355B51B3270C0005E3976 /* AD9850.png */,
				E96355B71B3270C8005E3976 /* mbed_HRM1017.png */,
				E9F675261B31E82E005CFD87 /* waves */,
			);
			path = materials;
			sourceTree = "<group>";
		};
		E9F675261B31E82E005CFD87 /* waves */ = {
			isa = PBXGroup;
			children = (
				E9F675271B31E82E005CFD87 /* wave_fre.png */,
				E9F675281B31E82E005CFD87 /* wave_saw.png */,
				E9F675291B31E82E005CFD87 /* wave_sin.png */,
				E9F6752A1B31E82E005CFD87 /* wave_squ.png */,
				E9F6752B1B31E82E005CFD87 /* wave_tri.png */,
			);
			path = waves;
			sourceTree = "<group>";
		};
		E9F675471B31F136005CFD87 /* FrequencyScreenView */ = {
			isa = PBXGroup;
			children = (
				E9F675481B31F136005CFD87 /* FrequencyScreenView.h */,
				E9F675491B31F136005CFD87 /* FrequencyScreenView.m */,
			);
			path = FrequencyScreenView;
			sourceTree = "<group>";
		};
/* End PBXGroup section */

/* Begin PBXNativeTarget section */
		E9F674DD1B31D0DE005CFD87 /* AD9850BLE */ = {
			isa = PBXNativeTarget;
			buildConfigurationList = E9F675011B31D0DF005CFD87 /* Build configuration list for PBXNativeTarget "AD9850BLE" */;
			buildPhases = (
				E9F674DA1B31D0DE005CFD87 /* Sources */,
				E9F674DB1B31D0DE005CFD87 /* Frameworks */,
				E9F674DC1B31D0DE005CFD87 /* Resources */,
			);
			buildRules = (
			);
			dependencies = (
			);
			name = AD9850BLE;
			productName = AD9850BLE;
			productReference = E9F674DE1B31D0DE005CFD87 /* AD9850BLE.app */;
			productType = "com.apple.product-type.application";
		};
		E9F674F61B31D0DF005CFD87 /* AD9850BLETests */ = {
			isa = PBXNativeTarget;
			buildConfigurationList = E9F675041B31D0DF005CFD87 /* Build configuration list for PBXNativeTarget "AD9850BLETests" */;
			buildPhases = (
				E9F674F31B31D0DF005CFD87 /* Sources */,
				E9F674F41B31D0DF005CFD87 /* Frameworks */,
				E9F674F51B31D0DF005CFD87 /* Resources */,
			);
			buildRules = (
			);
			dependencies = (
				E9F674F91B31D0DF005CFD87 /* PBXTargetDependency */,
			);
			name = AD9850BLETests;
			productName = AD9850BLETests;
			productReference = E9F674F71B31D0DF005CFD87 /* AD9850BLETests.xctest */;
			productType = "com.apple.product-type.bundle.unit-test";
		};
/* End PBXNativeTarget section */

/* Begin PBXProject section */
		E9F674D61B31D0DE005CFD87 /* Project object */ = {
			isa = PBXProject;
			attributes = {
				LastUpgradeCheck = 0630;
				ORGANIZATIONNAME = "Takehisa Oneta";
				TargetAttributes = {
					E9F674DD1B31D0DE005CFD87 = {
						CreatedOnToolsVersion = 6.3.2;
					};
					E9F674F61B31D0DF005CFD87 = {
						CreatedOnToolsVersion = 6.3.2;
						TestTargetID = E9F674DD1B31D0DE005CFD87;
					};
				};
			};
			buildConfigurationList = E9F674D91B31D0DE005CFD87 /* Build configuration list for PBXProject "AD9850BLE" */;
			compatibilityVersion = "Xcode 3.2";
			developmentRegion = English;
			hasScannedForEncodings = 0;
			knownRegions = (
				en,
				Base,
			);
			mainGroup = E9F674D51B31D0DE005CFD87;
			productRefGroup = E9F674DF1B31D0DE005CFD87 /* Products */;
			projectDirPath = "";
			projectRoot = "";
			targets = (
				E9F674DD1B31D0DE005CFD87 /* AD9850BLE */,
				E9F674F61B31D0DF005CFD87 /* AD9850BLETests */,
			);
		};
/* End PBXProject section */

/* Begin PBXResourcesBuildPhase section */
		E9F674DC1B31D0DE005CFD87 /* Resources */ = {
			isa = PBXResourcesBuildPhase;
			buildActionMask = 2147483647;
			files = (
				E96355B31B326D21005E3976 /* AD9850_80x80.png in Resources */,
				E9F6753E1B31E82E005CFD87 /* wave_squ.png in Resources */,
				E9F675321B31E82E005CFD87 /* 009_01-link.png in Resources */,
				E9F675301B31E82E005CFD87 /* 008_00-wave_on.png in Resources */,
				E96355B41B326D21005E3976 /* AD9850_87x87.png in Resources */,
				E9F6752C1B31E82E005CFD87 /* 007_00-sync_off.png in Resources */,
				E9F6752E1B31E82E005CFD87 /* 007_00-sync_rotate1.png in Resources */,
				E9F6753B1B31E82E005CFD87 /* wave_fre.png in Resources */,
				E9F675351B31E82E005CFD87 /* icon_return.png in Resources */,
				E9F675381B31E82E005CFD87 /* ohneta.net.png in Resources */,
				E96355B81B3270C8005E3976 /* mbed_HRM1017.png in Resources */,
				E96355B61B3270C0005E3976 /* AD9850.png in Resources */,
				E9F675371B31E82E005CFD87 /* mbed-logo.png in Resources */,
				E9F6753C1B31E82E005CFD87 /* wave_saw.png in Resources */,
				E9F674ED1B31D0DE005CFD87 /* Main.storyboard in Resources */,
				E9F6753A1B31E82E005CFD87 /* sync_freq.png in Resources */,
				E96355B21B326D21005E3976 /* AD9850_58x58.png in Resources */,
				E96355B01B326D21005E3976 /* AD9850_120x120.png in Resources */,
				E9F6753D1B31E82E005CFD87 /* wave_sin.png in Resources */,
				E9F674F21B31D0DE005CFD87 /* LaunchScreen.xib in Resources */,
				E9F675311B31E82E005CFD87 /* 009_00-link.png in Resources */,
				E9F675391B31E82E005CFD87 /* save.png in Resources */,
				E9F6752D1B31E82E005CFD87 /* 007_00-sync_on.png in Resources */,
				E96355B11B326D21005E3976 /* AD9850_180x180.png in Resources */,
				E9F6752F1B31E82E005CFD87 /* 008_00-wave_off.png in Resources */,
				E9F674EF1B31D0DE005CFD87 /* Images.xcassets in Resources */,
				E9F6753F1B31E82E005CFD87 /* wave_tri.png in Resources */,
				E9F675361B31E82E005CFD87 /* images.png in Resources */,
				E9F675341B31E82E005CFD87 /* arrow_up.png in Resources */,
				E9F675331B31E82E005CFD87 /* arrow_down.png in Resources */,
			);
			runOnlyForDeploymentPostprocessing = 0;
		};
		E9F674F51B31D0DF005CFD87 /* Resources */ = {
			isa = PBXResourcesBuildPhase;
			buildActionMask = 2147483647;
			files = (
			);
			runOnlyForDeploymentPostprocessing = 0;
		};
/* End PBXResourcesBuildPhase section */

/* Begin PBXSourcesBuildPhase section */
		E9F674DA1B31D0DE005CFD87 /* Sources */ = {
			isa = PBXSourcesBuildPhase;
			buildActionMask = 2147483647;
			files = (
				E9F674EA1B31D0DE005CFD87 /* ViewController.m in Sources */,
				E9F674E71B31D0DE005CFD87 /* AppDelegate.m in Sources */,
				E9F6750F1B31D150005CFD87 /* BLEAdvertising.m in Sources */,
				E9F674E41B31D0DE005CFD87 /* main.m in Sources */,
				E9F6754C1B31F136005CFD87 /* FrequencyScreenView.m in Sources */,
				E9F675151B31D19F005CFD87 /* AD9850Control.m in Sources */,
				E9F675101B31D150005CFD87 /* BLEPeripheralAccess.m in Sources */,
			);
			runOnlyForDeploymentPostprocessing = 0;
		};
		E9F674F31B31D0DF005CFD87 /* Sources */ = {
			isa = PBXSourcesBuildPhase;
			buildActionMask = 2147483647;
			files = (
				E9F674FE1B31D0DF005CFD87 /* AD9850BLETests.m in Sources */,
			);
			runOnlyForDeploymentPostprocessing = 0;
		};
/* End PBXSourcesBuildPhase section */

/* Begin PBXTargetDependency section */
		E9F674F91B31D0DF005CFD87 /* PBXTargetDependency */ = {
			isa = PBXTargetDependency;
			target = E9F674DD1B31D0DE005CFD87 /* AD9850BLE */;
			targetProxy = E9F674F81B31D0DF005CFD87 /* PBXContainerItemProxy */;
		};
/* End PBXTargetDependency section */

/* Begin PBXVariantGroup section */
		E9F674EB1B31D0DE005CFD87 /* Main.storyboard */ = {
			isa = PBXVariantGroup;
			children = (
				E9F674EC1B31D0DE005CFD87 /* Base */,
			);
			name = Main.storyboard;
			sourceTree = "<group>";
		};
		E9F674F01B31D0DE005CFD87 /* LaunchScreen.xib */ = {
			isa = PBXVariantGroup;
			children = (
				E9F674F11B31D0DE005CFD87 /* Base */,
			);
			name = LaunchScreen.xib;
			sourceTree = "<group>";
		};
/* End PBXVariantGroup section */

/* Begin XCBuildConfiguration section */
		E9F674FF1B31D0DF005CFD87 /* Debug */ = {
			isa = XCBuildConfiguration;
			buildSettings = {
				ALWAYS_SEARCH_USER_PATHS = NO;
				CLANG_CXX_LANGUAGE_STANDARD = "gnu++0x";
				CLANG_CXX_LIBRARY = "libc++";
				CLANG_ENABLE_MODULES = YES;
				CLANG_ENABLE_OBJC_ARC = YES;
				CLANG_WARN_BOOL_CONVERSION = YES;
				CLANG_WARN_CONSTANT_CONVERSION = YES;
				CLANG_WARN_DIRECT_OBJC_ISA_USAGE = YES_ERROR;
				CLANG_WARN_EMPTY_BODY = YES;
				CLANG_WARN_ENUM_CONVERSION = YES;
				CLANG_WARN_INT_CONVERSION = YES;
				CLANG_WARN_OBJC_ROOT_CLASS = YES_ERROR;
				CLANG_WARN_UNREACHABLE_CODE = YES;
				CLANG_WARN__DUPLICATE_METHOD_MATCH = YES;
				"CODE_SIGN_IDENTITY[sdk=iphoneos*]" = "iPhone Developer";
				COPY_PHASE_STRIP = NO;
				DEBUG_INFORMATION_FORMAT = "dwarf-with-dsym";
				ENABLE_STRICT_OBJC_MSGSEND = YES;
				GCC_C_LANGUAGE_STANDARD = gnu99;
				GCC_DYNAMIC_NO_PIC = NO;
				GCC_NO_COMMON_BLOCKS = YES;
				GCC_OPTIMIZATION_LEVEL = 0;
				GCC_PREPROCESSOR_DEFINITIONS = (
					"DEBUG=1",
					"$(inherited)",
				);
				GCC_SYMBOLS_PRIVATE_EXTERN = NO;
				GCC_WARN_64_TO_32_BIT_CONVERSION = YES;
				GCC_WARN_ABOUT_RETURN_TYPE = YES_ERROR;
				GCC_WARN_UNDECLARED_SELECTOR = YES;
				GCC_WARN_UNINITIALIZED_AUTOS = YES_AGGRESSIVE;
				GCC_WARN_UNUSED_FUNCTION = YES;
				GCC_WARN_UNUSED_VARIABLE = YES;
				IPHONEOS_DEPLOYMENT_TARGET = 8.3;
				MTL_ENABLE_DEBUG_INFO = YES;
				ONLY_ACTIVE_ARCH = YES;
				SDKROOT = iphoneos;
			};
			name = Debug;
		};
		E9F675001B31D0DF005CFD87 /* Release */ = {
			isa = XCBuildConfiguration;
			buildSettings = {
				ALWAYS_SEARCH_USER_PATHS = NO;
				CLANG_CXX_LANGUAGE_STANDARD = "gnu++0x";
				CLANG_CXX_LIBRARY = "libc++";
				CLANG_ENABLE_MODULES = YES;
				CLANG_ENABLE_OBJC_ARC = YES;
				CLANG_WARN_BOOL_CONVERSION = YES;
				CLANG_WARN_CONSTANT_CONVERSION = YES;
				CLANG_WARN_DIRECT_OBJC_ISA_USAGE = YES_ERROR;
				CLANG_WARN_EMPTY_BODY = YES;
				CLANG_WARN_ENUM_CONVERSION = YES;
				CLANG_WARN_INT_CONVERSION = YES;
				CLANG_WARN_OBJC_ROOT_CLASS = YES_ERROR;
				CLANG_WARN_UNREACHABLE_CODE = YES;
				CLANG_WARN__DUPLICATE_METHOD_MATCH = YES;
				"CODE_SIGN_IDENTITY[sdk=iphoneos*]" = "iPhone Developer";
				COPY_PHASE_STRIP = NO;
				DEBUG_INFORMATION_FORMAT = "dwarf-with-dsym";
				ENABLE_NS_ASSERTIONS = NO;
				ENABLE_STRICT_OBJC_MSGSEND = YES;
				GCC_C_LANGUAGE_STANDARD = gnu99;
				GCC_NO_COMMON_BLOCKS = YES;
				GCC_WARN_64_TO_32_BIT_CONVERSION = YES;
				GCC_WARN_ABOUT_RETURN_TYPE = YES_ERROR;
				GCC_WARN_UNDECLARED_SELECTOR = YES;
				GCC_WARN_UNINITIALIZED_AUTOS = YES_AGGRESSIVE;
				GCC_WARN_UNUSED_FUNCTION = YES;
				GCC_WARN_UNUSED_VARIABLE = YES;
				IPHONEOS_DEPLOYMENT_TARGET = 8.3;
				MTL_ENABLE_DEBUG_INFO = NO;
				SDKROOT = iphoneos;
				VALIDATE_PRODUCT = YES;
			};
			name = Release;
		};
		E9F675021B31D0DF005CFD87 /* Debug */ = {
			isa = XCBuildConfiguration;
			buildSettings = {
				ASSETCATALOG_COMPILER_APPICON_NAME = AppIcon;
				INFOPLIST_FILE = AD9850BLE/Info.plist;
				LD_RUNPATH_SEARCH_PATHS = "$(inherited) @executable_path/Frameworks";
				PRODUCT_NAME = "$(TARGET_NAME)";
			};
			name = Debug;
		};
		E9F675031B31D0DF005CFD87 /* Release */ = {
			isa = XCBuildConfiguration;
			buildSettings = {
				ASSETCATALOG_COMPILER_APPICON_NAME = AppIcon;
				INFOPLIST_FILE = AD9850BLE/Info.plist;
				LD_RUNPATH_SEARCH_PATHS = "$(inherited) @executable_path/Frameworks";
				PRODUCT_NAME = "$(TARGET_NAME)";
			};
			name = Release;
		};
		E9F675051B31D0DF005CFD87 /* Debug */ = {
			isa = XCBuildConfiguration;
			buildSettings = {
				BUNDLE_LOADER = "$(TEST_HOST)";
				FRAMEWORK_SEARCH_PATHS = (
					"$(SDKROOT)/Developer/Library/Frameworks",
					"$(inherited)",
				);
				GCC_PREPROCESSOR_DEFINITIONS = (
					"DEBUG=1",
					"$(inherited)",
				);
				INFOPLIST_FILE = AD9850BLETests/Info.plist;
				LD_RUNPATH_SEARCH_PATHS = "$(inherited) @executable_path/Frameworks @loader_path/Frameworks";
				PRODUCT_NAME = "$(TARGET_NAME)";
				TEST_HOST = "$(BUILT_PRODUCTS_DIR)/AD9850BLE.app/AD9850BLE";
			};
			name = Debug;
		};
		E9F675061B31D0DF005CFD87 /* Release */ = {
			isa = XCBuildConfiguration;
			buildSettings = {
				BUNDLE_LOADER = "$(TEST_HOST)";
				FRAMEWORK_SEARCH_PATHS = (
					"$(SDKROOT)/Developer/Library/Frameworks",
					"$(inherited)",
				);
				INFOPLIST_FILE = AD9850BLETests/Info.plist;
				LD_RUNPATH_SEARCH_PATHS = "$(inherited) @executable_path/Frameworks @loader_path/Frameworks";
				PRODUCT_NAME = "$(TARGET_NAME)";
				TEST_HOST = "$(BUILT_PRODUCTS_DIR)/AD9850BLE.app/AD9850BLE";
			};
			name = Release;
		};
/* End XCBuildConfiguration section */

/* Begin XCConfigurationList section */
		E9F674D91B31D0DE005CFD87 /* Build configuration list for PBXProject "AD9850BLE" */ = {
			isa = XCConfigurationList;
			buildConfigurations = (
				E9F674FF1B31D0DF005CFD87 /* Debug */,
				E9F675001B31D0DF005CFD87 /* Release */,
			);
			defaultConfigurationIsVisible = 0;
			defaultConfigurationName = Release;
		};
		E9F675011B31D0DF005CFD87 /* Build configuration list for PBXNativeTarget "AD9850BLE" */ = {
			isa = XCConfigurationList;
			buildConfigurations = (
				E9F675021B31D0DF005CFD87 /* Debug */,
				E9F675031B31D0DF005CFD87 /* Release */,
			);
			defaultConfigurationIsVisible = 0;
			defaultConfigurationName = Release;
		};
		E9F675041B31D0DF005CFD87 /* Build configuration list for PBXNativeTarget "AD9850BLETests" */ = {
			isa = XCConfigurationList;
			buildConfigurations = (
				E9F675051B31D0DF005CFD87 /* Debug */,
				E9F675061B31D0DF005CFD87 /* Release */,
			);
			defaultConfigurationIsVisible = 0;
			defaultConfigurationName = Release;
		};
/* End XCConfigurationList section */
	};
	rootObject = E9F674D61B31D0DE005CFD87 /* Project object */;
}
